{
  "nodes": {
    "lowdown-src": {
      "flake": false,
      "locked": {
        "lastModified": 1632468475,
        "narHash": "sha256-NNOm9CbdA8cuwbvaBHslGbPTiU6bh1Ao+MpEPx4rSGo=",
        "owner": "kristapsdz",
        "repo": "lowdown",
        "rev": "6bd668af3fd098bdd07a1bedd399564141e275da",
        "type": "github"
      },
      "original": {
        "owner": "kristapsdz",
        "repo": "lowdown",
        "type": "github"
      }
    },
    "nix": {
      "inputs": {
        "lowdown-src": "lowdown-src",
        "nixpkgs": "nixpkgs"
      },
      "locked": {
        "lastModified": 1633283586,
        "narHash": "sha256-5bPZQhwuGcWn8Las3pVVvfumyB9t+FGwxq1N55tolFc=",
        "owner": "NixOS",
        "repo": "nix",
        "rev": "6fadb5df05845e4d7ed18c17c5e68008a97d9044",
        "type": "github"
      },
      "original": {
        "id": "nix",
        "type": "indirect"
      }
    },
    "nixpkgs": {
      "locked": {
        "lastModified": 1632864508,
        "narHash": "sha256-d127FIvGR41XbVRDPVvozUPQ/uRHbHwvfyKHwEt5xFM=",
        "owner": "NixOS",
        "repo": "nixpkgs",
        "rev": "82891b5e2c2359d7e58d08849e4c89511ab94234",
        "type": "github"
      },
      "original": {
        "id": "nixpkgs",
        "ref": "nixos-21.05-small",
        "type": "indirect"
      }
    },
    "root": {
      "inputs": {
        "nix": "nix",
        "nixpkgs": [
          "nix",
          "nixpkgs"
        ]
      }
    }
  },
  "root": "root",
  "version": 7
}
